// !$*UTF8*$!
{
	archiveVersion = 1;
	classes = {
	};
	objectVersion = 50;
	objects = {

/* Begin PBXBuildFile section */
		5B10B59D241DA87600C79779 /* FavoriteCell.swift in Sources */ = {isa = PBXBuildFile; fileRef = 5B10B59C241DA87600C79779 /* FavoriteCell.swift */; };
		5B15020D241719DE004B9CC4 /* PersistenceManager.swift in Sources */ = {isa = PBXBuildFile; fileRef = 5B15020C241719DE004B9CC4 /* PersistenceManager.swift */; };
		5B18F94C23CD5F910036D7E3 /* GFButton.swift in Sources */ = {isa = PBXBuildFile; fileRef = 5B18F94B23CD5F910036D7E3 /* GFButton.swift */; };
		5B18F94E23CECA980036D7E3 /* GFTextField.swift in Sources */ = {isa = PBXBuildFile; fileRef = 5B18F94D23CECA980036D7E3 /* GFTextField.swift */; };
		5B43BAE623FB970A005A27D2 /* GFItemInfoView.swift in Sources */ = {isa = PBXBuildFile; fileRef = 5B43BAE523FB970A005A27D2 /* GFItemInfoView.swift */; };
		5B43BAE823FCDD79005A27D2 /* GFItemInfoVC.swift in Sources */ = {isa = PBXBuildFile; fileRef = 5B43BAE723FCDD79005A27D2 /* GFItemInfoVC.swift */; };
		5B43BAEA23FCE163005A27D2 /* GFRepoItemVC.swift in Sources */ = {isa = PBXBuildFile; fileRef = 5B43BAE923FCE163005A27D2 /* GFRepoItemVC.swift */; };
		5B43BAEC23FCE35C005A27D2 /* GFFollowerItemVC.swift in Sources */ = {isa = PBXBuildFile; fileRef = 5B43BAEB23FCE35C005A27D2 /* GFFollowerItemVC.swift */; };
		5B56A62323FF6A3D00121368 /* Date+Ext.swift in Sources */ = {isa = PBXBuildFile; fileRef = 5B56A62223FF6A3D00121368 /* Date+Ext.swift */; };
		5B56A62523FF6A7900121368 /* String+Ext.swift in Sources */ = {isa = PBXBuildFile; fileRef = 5B56A62423FF6A7900121368 /* String+Ext.swift */; };
		5B59490D23F6502300BE0A8D /* GFSecondaryTitleLabel.swift in Sources */ = {isa = PBXBuildFile; fileRef = 5B59490C23F6502300BE0A8D /* GFSecondaryTitleLabel.swift */; };
		5B59490F23F652B400BE0A8D /* GFUserInfoHeaderVC.swift in Sources */ = {isa = PBXBuildFile; fileRef = 5B59490E23F652B400BE0A8D /* GFUserInfoHeaderVC.swift */; };
		5B59491123F65D2200BE0A8D /* Constants.swift in Sources */ = {isa = PBXBuildFile; fileRef = 5B59491023F65D2200BE0A8D /* Constants.swift */; };
		5B7E383B23F24E7B00193B43 /* UserInfoVC.swift in Sources */ = {isa = PBXBuildFile; fileRef = 5B7E383A23F24E7B00193B43 /* UserInfoVC.swift */; };
		5B83683923EBC6FA00FE6C95 /* UIHelper.swift in Sources */ = {isa = PBXBuildFile; fileRef = 5B83683823EBC6FA00FE6C95 /* UIHelper.swift */; };
		5BA587C223CBF06D00128F6A /* AppDelegate.swift in Sources */ = {isa = PBXBuildFile; fileRef = 5BA587C123CBF06D00128F6A /* AppDelegate.swift */; };
		5BA587C423CBF06D00128F6A /* SceneDelegate.swift in Sources */ = {isa = PBXBuildFile; fileRef = 5BA587C323CBF06D00128F6A /* SceneDelegate.swift */; };
		5BA587CB23CBF07200128F6A /* Assets.xcassets in Resources */ = {isa = PBXBuildFile; fileRef = 5BA587CA23CBF07200128F6A /* Assets.xcassets */; };
		5BA587CE23CBF07200128F6A /* LaunchScreen.storyboard in Resources */ = {isa = PBXBuildFile; fileRef = 5BA587CC23CBF07200128F6A /* LaunchScreen.storyboard */; };
		5BA587D623CC229900128F6A /* SearchVC.swift in Sources */ = {isa = PBXBuildFile; fileRef = 5BA587D523CC229900128F6A /* SearchVC.swift */; };
		5BA587D823CC22CA00128F6A /* FavoritesListVC.swift in Sources */ = {isa = PBXBuildFile; fileRef = 5BA587D723CC22CA00128F6A /* FavoritesListVC.swift */; };
		5BB1E4F523D389A800F87C63 /* Follower.swift in Sources */ = {isa = PBXBuildFile; fileRef = 5BB1E4F423D389A800F87C63 /* Follower.swift */; };
		5BB1E4F723D38AC800F87C63 /* User.swift in Sources */ = {isa = PBXBuildFile; fileRef = 5BB1E4F623D38AC800F87C63 /* User.swift */; };
		5BB800F923D004ED0057EA39 /* FollowerListVC.swift in Sources */ = {isa = PBXBuildFile; fileRef = 5BB800F823D004ED0057EA39 /* FollowerListVC.swift */; };
		5BB800FB23D287950057EA39 /* GFTitleLabel.swift in Sources */ = {isa = PBXBuildFile; fileRef = 5BB800FA23D287950057EA39 /* GFTitleLabel.swift */; };
		5BB800FD23D2895F0057EA39 /* GFBodyLabel.swift in Sources */ = {isa = PBXBuildFile; fileRef = 5BB800FC23D2895F0057EA39 /* GFBodyLabel.swift */; };
		5BB800FF23D28B440057EA39 /* GFAlertVC.swift in Sources */ = {isa = PBXBuildFile; fileRef = 5BB800FE23D28B440057EA39 /* GFAlertVC.swift */; };
		5BB8010123D2BD910057EA39 /* UIViewController+Ext.swift in Sources */ = {isa = PBXBuildFile; fileRef = 5BB8010023D2BD910057EA39 /* UIViewController+Ext.swift */; };
		5BCC924323D6A62200A89F1D /* GFError.swift in Sources */ = {isa = PBXBuildFile; fileRef = 5BCC924223D6A62200A89F1D /* GFError.swift */; };
		5BCC924623D93C8200A89F1D /* FollowerCell.swift in Sources */ = {isa = PBXBuildFile; fileRef = 5BCC924523D93C8200A89F1D /* FollowerCell.swift */; };
		5BCC924823D93D2400A89F1D /* GFAvatarImageView.swift in Sources */ = {isa = PBXBuildFile; fileRef = 5BCC924723D93D2400A89F1D /* GFAvatarImageView.swift */; };
		5BE2A60323D4E56B008511FA /* NetworkManager.swift in Sources */ = {isa = PBXBuildFile; fileRef = 5BE2A60223D4E56B008511FA /* NetworkManager.swift */; };
		5BF5790B23EFBEE900CE7C01 /* GFEmptyStateView.swift in Sources */ = {isa = PBXBuildFile; fileRef = 5BF5790A23EFBEE900CE7C01 /* GFEmptyStateView.swift */; };
/* End PBXBuildFile section */

/* Begin PBXFileReference section */
		5B10B59C241DA87600C79779 /* FavoriteCell.swift */ = {isa = PBXFileReference; lastKnownFileType = sourcecode.swift; path = FavoriteCell.swift; sourceTree = "<group>"; };
		5B15020C241719DE004B9CC4 /* PersistenceManager.swift */ = {isa = PBXFileReference; lastKnownFileType = sourcecode.swift; path = PersistenceManager.swift; sourceTree = "<group>"; };
		5B18F94B23CD5F910036D7E3 /* GFButton.swift */ = {isa = PBXFileReference; lastKnownFileType = sourcecode.swift; path = GFButton.swift; sourceTree = "<group>"; };
		5B18F94D23CECA980036D7E3 /* GFTextField.swift */ = {isa = PBXFileReference; lastKnownFileType = sourcecode.swift; path = GFTextField.swift; sourceTree = "<group>"; };
		5B43BAE523FB970A005A27D2 /* GFItemInfoView.swift */ = {isa = PBXFileReference; lastKnownFileType = sourcecode.swift; path = GFItemInfoView.swift; sourceTree = "<group>"; };
		5B43BAE723FCDD79005A27D2 /* GFItemInfoVC.swift */ = {isa = PBXFileReference; lastKnownFileType = sourcecode.swift; path = GFItemInfoVC.swift; sourceTree = "<group>"; };
		5B43BAE923FCE163005A27D2 /* GFRepoItemVC.swift */ = {isa = PBXFileReference; lastKnownFileType = sourcecode.swift; path = GFRepoItemVC.swift; sourceTree = "<group>"; };
		5B43BAEB23FCE35C005A27D2 /* GFFollowerItemVC.swift */ = {isa = PBXFileReference; lastKnownFileType = sourcecode.swift; path = GFFollowerItemVC.swift; sourceTree = "<group>"; };
		5B56A62223FF6A3D00121368 /* Date+Ext.swift */ = {isa = PBXFileReference; lastKnownFileType = sourcecode.swift; path = "Date+Ext.swift"; sourceTree = "<group>"; };
		5B56A62423FF6A7900121368 /* String+Ext.swift */ = {isa = PBXFileReference; lastKnownFileType = sourcecode.swift; path = "String+Ext.swift"; sourceTree = "<group>"; };
		5B59490C23F6502300BE0A8D /* GFSecondaryTitleLabel.swift */ = {isa = PBXFileReference; lastKnownFileType = sourcecode.swift; path = GFSecondaryTitleLabel.swift; sourceTree = "<group>"; };
		5B59490E23F652B400BE0A8D /* GFUserInfoHeaderVC.swift */ = {isa = PBXFileReference; lastKnownFileType = sourcecode.swift; path = GFUserInfoHeaderVC.swift; sourceTree = "<group>"; };
		5B59491023F65D2200BE0A8D /* Constants.swift */ = {isa = PBXFileReference; lastKnownFileType = sourcecode.swift; path = Constants.swift; sourceTree = "<group>"; };
		5B7E383A23F24E7B00193B43 /* UserInfoVC.swift */ = {isa = PBXFileReference; lastKnownFileType = sourcecode.swift; path = UserInfoVC.swift; sourceTree = "<group>"; };
		5B83683823EBC6FA00FE6C95 /* UIHelper.swift */ = {isa = PBXFileReference; lastKnownFileType = sourcecode.swift; path = UIHelper.swift; sourceTree = "<group>"; };
		5BA587BE23CBF06D00128F6A /* GitHubFollowers.app */ = {isa = PBXFileReference; explicitFileType = wrapper.application; includeInIndex = 0; path = GitHubFollowers.app; sourceTree = BUILT_PRODUCTS_DIR; };
		5BA587C123CBF06D00128F6A /* AppDelegate.swift */ = {isa = PBXFileReference; lastKnownFileType = sourcecode.swift; path = AppDelegate.swift; sourceTree = "<group>"; };
		5BA587C323CBF06D00128F6A /* SceneDelegate.swift */ = {isa = PBXFileReference; lastKnownFileType = sourcecode.swift; path = SceneDelegate.swift; sourceTree = "<group>"; };
		5BA587CA23CBF07200128F6A /* Assets.xcassets */ = {isa = PBXFileReference; lastKnownFileType = folder.assetcatalog; path = Assets.xcassets; sourceTree = "<group>"; };
		5BA587CD23CBF07200128F6A /* Base */ = {isa = PBXFileReference; lastKnownFileType = file.storyboard; name = Base; path = Base.lproj/LaunchScreen.storyboard; sourceTree = "<group>"; };
		5BA587CF23CBF07200128F6A /* Info.plist */ = {isa = PBXFileReference; lastKnownFileType = text.plist.xml; path = Info.plist; sourceTree = "<group>"; };
		5BA587D523CC229900128F6A /* SearchVC.swift */ = {isa = PBXFileReference; lastKnownFileType = sourcecode.swift; path = SearchVC.swift; sourceTree = "<group>"; };
		5BA587D723CC22CA00128F6A /* FavoritesListVC.swift */ = {isa = PBXFileReference; lastKnownFileType = sourcecode.swift; path = FavoritesListVC.swift; sourceTree = "<group>"; };
		5BB1E4F423D389A800F87C63 /* Follower.swift */ = {isa = PBXFileReference; lastKnownFileType = sourcecode.swift; path = Follower.swift; sourceTree = "<group>"; };
		5BB1E4F623D38AC800F87C63 /* User.swift */ = {isa = PBXFileReference; lastKnownFileType = sourcecode.swift; path = User.swift; sourceTree = "<group>"; };
		5BB800F823D004ED0057EA39 /* FollowerListVC.swift */ = {isa = PBXFileReference; lastKnownFileType = sourcecode.swift; path = FollowerListVC.swift; sourceTree = "<group>"; };
		5BB800FA23D287950057EA39 /* GFTitleLabel.swift */ = {isa = PBXFileReference; lastKnownFileType = sourcecode.swift; path = GFTitleLabel.swift; sourceTree = "<group>"; };
		5BB800FC23D2895F0057EA39 /* GFBodyLabel.swift */ = {isa = PBXFileReference; lastKnownFileType = sourcecode.swift; path = GFBodyLabel.swift; sourceTree = "<group>"; };
		5BB800FE23D28B440057EA39 /* GFAlertVC.swift */ = {isa = PBXFileReference; lastKnownFileType = sourcecode.swift; path = GFAlertVC.swift; sourceTree = "<group>"; };
		5BB8010023D2BD910057EA39 /* UIViewController+Ext.swift */ = {isa = PBXFileReference; lastKnownFileType = sourcecode.swift; path = "UIViewController+Ext.swift"; sourceTree = "<group>"; };
		5BCC924223D6A62200A89F1D /* GFError.swift */ = {isa = PBXFileReference; lastKnownFileType = sourcecode.swift; path = GFError.swift; sourceTree = "<group>"; };
		5BCC924523D93C8200A89F1D /* FollowerCell.swift */ = {isa = PBXFileReference; lastKnownFileType = sourcecode.swift; path = FollowerCell.swift; sourceTree = "<group>"; };
		5BCC924723D93D2400A89F1D /* GFAvatarImageView.swift */ = {isa = PBXFileReference; lastKnownFileType = sourcecode.swift; path = GFAvatarImageView.swift; sourceTree = "<group>"; };
		5BE2A60223D4E56B008511FA /* NetworkManager.swift */ = {isa = PBXFileReference; lastKnownFileType = sourcecode.swift; path = NetworkManager.swift; sourceTree = "<group>"; };
		5BF5790A23EFBEE900CE7C01 /* GFEmptyStateView.swift */ = {isa = PBXFileReference; lastKnownFileType = sourcecode.swift; path = GFEmptyStateView.swift; sourceTree = "<group>"; };
/* End PBXFileReference section */

/* Begin PBXFrameworksBuildPhase section */
		5BA587BB23CBF06C00128F6A /* Frameworks */ = {
			isa = PBXFrameworksBuildPhase;
			buildActionMask = 2147483647;
			files = (
			);
			runOnlyForDeploymentPostprocessing = 0;
		};
/* End PBXFrameworksBuildPhase section */

/* Begin PBXGroup section */
		5B43BAED23FCE3AF005A27D2 /* ItemInfoVCs */ = {
			isa = PBXGroup;
			children = (
				5B43BAE723FCDD79005A27D2 /* GFItemInfoVC.swift */,
				5B43BAE923FCE163005A27D2 /* GFRepoItemVC.swift */,
				5B43BAEB23FCE35C005A27D2 /* GFFollowerItemVC.swift */,
			);
			path = ItemInfoVCs;
			sourceTree = "<group>";
		};
		5BA587B523CBF06C00128F6A = {
			isa = PBXGroup;
			children = (
				5BA587C023CBF06D00128F6A /* GitHubFollowers */,
				5BA587BF23CBF06D00128F6A /* Products */,
			);
			sourceTree = "<group>";
		};
		5BA587BF23CBF06D00128F6A /* Products */ = {
			isa = PBXGroup;
			children = (
				5BA587BE23CBF06D00128F6A /* GitHubFollowers.app */,
			);
			name = Products;
			sourceTree = "<group>";
		};
		5BA587C023CBF06D00128F6A /* GitHubFollowers */ = {
			isa = PBXGroup;
			children = (
				5BCC924123D6A61300A89F1D /* Utilities */,
				5BE2A60123D4E552008511FA /* Managers */,
				5BB1E4F323D3899600F87C63 /* Model */,
				5BB1E4F023D354D500F87C63 /* Extensions */,
				5BB1E4F123D354E300F87C63 /* Custom Views */,
				5BB1E4EF23D354C500F87C63 /* Screens */,
				5BB1E4F223D3550C00F87C63 /* Support */,
			);
			path = GitHubFollowers;
			sourceTree = "<group>";
		};
		5BB1E4EF23D354C500F87C63 /* Screens */ = {
			isa = PBXGroup;
			children = (
				5BA587D523CC229900128F6A /* SearchVC.swift */,
				5BA587D723CC22CA00128F6A /* FavoritesListVC.swift */,
				5BB800F823D004ED0057EA39 /* FollowerListVC.swift */,
				5B7E383A23F24E7B00193B43 /* UserInfoVC.swift */,
			);
			path = Screens;
			sourceTree = "<group>";
		};
		5BB1E4F023D354D500F87C63 /* Extensions */ = {
			isa = PBXGroup;
			children = (
				5BB8010023D2BD910057EA39 /* UIViewController+Ext.swift */,
				5B56A62223FF6A3D00121368 /* Date+Ext.swift */,
				5B56A62423FF6A7900121368 /* String+Ext.swift */,
			);
			path = Extensions;
			sourceTree = "<group>";
		};
		5BB1E4F123D354E300F87C63 /* Custom Views */ = {
			isa = PBXGroup;
			children = (
				5BF5790423EFBB2F00CE7C01 /* ViewControllers */,
				5BF5790323EFBB2600CE7C01 /* Views */,
				5BF5790723EFBB7C00CE7C01 /* Labels */,
				5BF5790623EFBB5200CE7C01 /* ImageViews */,
				5BF5790523EFBB3D00CE7C01 /* TextFields */,
				5BF5790223EFBB1900CE7C01 /* Buttons */,
				5BCC924423D93C6000A89F1D /* Cells */,
			);
			path = "Custom Views";
			sourceTree = "<group>";
		};
		5BB1E4F223D3550C00F87C63 /* Support */ = {
			isa = PBXGroup;
			children = (
				5BA587C123CBF06D00128F6A /* AppDelegate.swift */,
				5BA587C323CBF06D00128F6A /* SceneDelegate.swift */,
				5BA587CA23CBF07200128F6A /* Assets.xcassets */,
				5BA587CC23CBF07200128F6A /* LaunchScreen.storyboard */,
				5BA587CF23CBF07200128F6A /* Info.plist */,
			);
			path = Support;
			sourceTree = "<group>";
		};
		5BB1E4F323D3899600F87C63 /* Model */ = {
			isa = PBXGroup;
			children = (
				5BB1E4F423D389A800F87C63 /* Follower.swift */,
				5BB1E4F623D38AC800F87C63 /* User.swift */,
			);
			path = Model;
			sourceTree = "<group>";
		};
		5BCC924123D6A61300A89F1D /* Utilities */ = {
			isa = PBXGroup;
			children = (
				5BCC924223D6A62200A89F1D /* GFError.swift */,
				5B83683823EBC6FA00FE6C95 /* UIHelper.swift */,
				5B59491023F65D2200BE0A8D /* Constants.swift */,
			);
			path = Utilities;
			sourceTree = "<group>";
		};
		5BCC924423D93C6000A89F1D /* Cells */ = {
			isa = PBXGroup;
			children = (
				5BCC924523D93C8200A89F1D /* FollowerCell.swift */,
				5B10B59C241DA87600C79779 /* FavoriteCell.swift */,
			);
			path = Cells;
			sourceTree = "<group>";
		};
		5BE2A60123D4E552008511FA /* Managers */ = {
			isa = PBXGroup;
			children = (
				5BE2A60223D4E56B008511FA /* NetworkManager.swift */,
				5B15020C241719DE004B9CC4 /* PersistenceManager.swift */,
			);
			path = Managers;
			sourceTree = "<group>";
		};
		5BF5790223EFBB1900CE7C01 /* Buttons */ = {
			isa = PBXGroup;
			children = (
				5B18F94B23CD5F910036D7E3 /* GFButton.swift */,
			);
			path = Buttons;
			sourceTree = "<group>";
		};
		5BF5790323EFBB2600CE7C01 /* Views */ = {
			isa = PBXGroup;
			children = (
				5BF5790A23EFBEE900CE7C01 /* GFEmptyStateView.swift */,
				5B43BAE523FB970A005A27D2 /* GFItemInfoView.swift */,
			);
			path = Views;
			sourceTree = "<group>";
		};
		5BF5790423EFBB2F00CE7C01 /* ViewControllers */ = {
			isa = PBXGroup;
			children = (
				5BB800FE23D28B440057EA39 /* GFAlertVC.swift */,
				5B59490E23F652B400BE0A8D /* GFUserInfoHeaderVC.swift */,
				5B43BAED23FCE3AF005A27D2 /* ItemInfoVCs */,
			);
			path = ViewControllers;
			sourceTree = "<group>";
		};
		5BF5790523EFBB3D00CE7C01 /* TextFields */ = {
			isa = PBXGroup;
			children = (
				5B18F94D23CECA980036D7E3 /* GFTextField.swift */,
			);
			path = TextFields;
			sourceTree = "<group>";
		};
		5BF5790623EFBB5200CE7C01 /* ImageViews */ = {
			isa = PBXGroup;
			children = (
				5BCC924723D93D2400A89F1D /* GFAvatarImageView.swift */,
			);
			path = ImageViews;
			sourceTree = "<group>";
		};
		5BF5790723EFBB7C00CE7C01 /* Labels */ = {
			isa = PBXGroup;
			children = (
				5BB800FC23D2895F0057EA39 /* GFBodyLabel.swift */,
				5BB800FA23D287950057EA39 /* GFTitleLabel.swift */,
				5B59490C23F6502300BE0A8D /* GFSecondaryTitleLabel.swift */,
			);
			path = Labels;
			sourceTree = "<group>";
		};
/* End PBXGroup section */

/* Begin PBXNativeTarget section */
		5BA587BD23CBF06C00128F6A /* GitHubFollowers */ = {
			isa = PBXNativeTarget;
			buildConfigurationList = 5BA587D223CBF07200128F6A /* Build configuration list for PBXNativeTarget "GitHubFollowers" */;
			buildPhases = (
				5BA587BA23CBF06C00128F6A /* Sources */,
				5BA587BB23CBF06C00128F6A /* Frameworks */,
				5BA587BC23CBF06C00128F6A /* Resources */,
			);
			buildRules = (
			);
			dependencies = (
			);
			name = GitHubFollowers;
			productName = GitHubFollowers;
			productReference = 5BA587BE23CBF06D00128F6A /* GitHubFollowers.app */;
			productType = "com.apple.product-type.application";
		};
/* End PBXNativeTarget section */

/* Begin PBXProject section */
		5BA587B623CBF06C00128F6A /* Project object */ = {
			isa = PBXProject;
			attributes = {
				LastSwiftUpdateCheck = 1130;
				LastUpgradeCheck = 1130;
				ORGANIZATIONNAME = "Aleksey Kabishau";
				TargetAttributes = {
					5BA587BD23CBF06C00128F6A = {
						CreatedOnToolsVersion = 11.3;
					};
				};
			};
			buildConfigurationList = 5BA587B923CBF06C00128F6A /* Build configuration list for PBXProject "GitHubFollowers" */;
			compatibilityVersion = "Xcode 9.3";
			developmentRegion = en;
			hasScannedForEncodings = 0;
			knownRegions = (
				en,
				Base,
			);
			mainGroup = 5BA587B523CBF06C00128F6A;
			productRefGroup = 5BA587BF23CBF06D00128F6A /* Products */;
			projectDirPath = "";
			projectRoot = "";
			targets = (
				5BA587BD23CBF06C00128F6A /* GitHubFollowers */,
			);
		};
/* End PBXProject section */

/* Begin PBXResourcesBuildPhase section */
		5BA587BC23CBF06C00128F6A /* Resources */ = {
			isa = PBXResourcesBuildPhase;
			buildActionMask = 2147483647;
			files = (
				5BA587CE23CBF07200128F6A /* LaunchScreen.storyboard in Resources */,
				5BA587CB23CBF07200128F6A /* Assets.xcassets in Resources */,
			);
			runOnlyForDeploymentPostprocessing = 0;
		};
/* End PBXResourcesBuildPhase section */

/* Begin PBXSourcesBuildPhase section */
		5BA587BA23CBF06C00128F6A /* Sources */ = {
			isa = PBXSourcesBuildPhase;
			buildActionMask = 2147483647;
			files = (
				5BB1E4F723D38AC800F87C63 /* User.swift in Sources */,
				5B18F94E23CECA980036D7E3 /* GFTextField.swift in Sources */,
				5BA587C223CBF06D00128F6A /* AppDelegate.swift in Sources */,
				5B56A62523FF6A7900121368 /* String+Ext.swift in Sources */,
				5B59490F23F652B400BE0A8D /* GFUserInfoHeaderVC.swift in Sources */,
				5B18F94C23CD5F910036D7E3 /* GFButton.swift in Sources */,
				5BB8010123D2BD910057EA39 /* UIViewController+Ext.swift in Sources */,
				5B43BAE823FCDD79005A27D2 /* GFItemInfoVC.swift in Sources */,
				5B59491123F65D2200BE0A8D /* Constants.swift in Sources */,
				5B83683923EBC6FA00FE6C95 /* UIHelper.swift in Sources */,
				5BCC924823D93D2400A89F1D /* GFAvatarImageView.swift in Sources */,
				5B59490D23F6502300BE0A8D /* GFSecondaryTitleLabel.swift in Sources */,
				5B43BAEC23FCE35C005A27D2 /* GFFollowerItemVC.swift in Sources */,
				5B43BAE623FB970A005A27D2 /* GFItemInfoView.swift in Sources */,
				5B10B59D241DA87600C79779 /* FavoriteCell.swift in Sources */,
				5BA587D623CC229900128F6A /* SearchVC.swift in Sources */,
				5BB800FF23D28B440057EA39 /* GFAlertVC.swift in Sources */,
				5BCC924623D93C8200A89F1D /* FollowerCell.swift in Sources */,
				5BCC924323D6A62200A89F1D /* GFError.swift in Sources */,
				5BB800FD23D2895F0057EA39 /* GFBodyLabel.swift in Sources */,
				5BB1E4F523D389A800F87C63 /* Follower.swift in Sources */,
				5B56A62323FF6A3D00121368 /* Date+Ext.swift in Sources */,
				5B15020D241719DE004B9CC4 /* PersistenceManager.swift in Sources */,
				5BB800FB23D287950057EA39 /* GFTitleLabel.swift in Sources */,
				5BF5790B23EFBEE900CE7C01 /* GFEmptyStateView.swift in Sources */,
				5BE2A60323D4E56B008511FA /* NetworkManager.swift in Sources */,
				5BB800F923D004ED0057EA39 /* FollowerListVC.swift in Sources */,
				5BA587C423CBF06D00128F6A /* SceneDelegate.swift in Sources */,
				5BA587D823CC22CA00128F6A /* FavoritesListVC.swift in Sources */,
				5B43BAEA23FCE163005A27D2 /* GFRepoItemVC.swift in Sources */,
				5B7E383B23F24E7B00193B43 /* UserInfoVC.swift in Sources */,
			);
			runOnlyForDeploymentPostprocessing = 0;
		};
/* End PBXSourcesBuildPhase section */

/* Begin PBXVariantGroup section */
		5BA587CC23CBF07200128F6A /* LaunchScreen.storyboard */ = {
			isa = PBXVariantGroup;
			children = (
				5BA587CD23CBF07200128F6A /* Base */,
			);
			name = LaunchScreen.storyboard;
			sourceTree = "<group>";
		};
/* End PBXVariantGroup section */

/* Begin XCBuildConfiguration section */
		5BA587D023CBF07200128F6A /* Debug */ = {
			isa = XCBuildConfiguration;
			buildSettings = {
				ALWAYS_SEARCH_USER_PATHS = NO;
				CLANG_ANALYZER_NONNULL = YES;
				CLANG_ANALYZER_NUMBER_OBJECT_CONVERSION = YES_AGGRESSIVE;
				CLANG_CXX_LANGUAGE_STANDARD = "gnu++14";
				CLANG_CXX_LIBRARY = "libc++";
				CLANG_ENABLE_MODULES = YES;
				CLANG_ENABLE_OBJC_ARC = YES;
				CLANG_ENABLE_OBJC_WEAK = YES;
				CLANG_WARN_BLOCK_CAPTURE_AUTORELEASING = YES;
				CLANG_WARN_BOOL_CONVERSION = YES;
				CLANG_WARN_COMMA = YES;
				CLANG_WARN_CONSTANT_CONVERSION = YES;
				CLANG_WARN_DEPRECATED_OBJC_IMPLEMENTATIONS = YES;
				CLANG_WARN_DIRECT_OBJC_ISA_USAGE = YES_ERROR;
				CLANG_WARN_DOCUMENTATION_COMMENTS = YES;
				CLANG_WARN_EMPTY_BODY = YES;
				CLANG_WARN_ENUM_CONVERSION = YES;
				CLANG_WARN_INFINITE_RECURSION = YES;
				CLANG_WARN_INT_CONVERSION = YES;
				CLANG_WARN_NON_LITERAL_NULL_CONVERSION = YES;
				CLANG_WARN_OBJC_IMPLICIT_RETAIN_SELF = YES;
				CLANG_WARN_OBJC_LITERAL_CONVERSION = YES;
				CLANG_WARN_OBJC_ROOT_CLASS = YES_ERROR;
				CLANG_WARN_RANGE_LOOP_ANALYSIS = YES;
				CLANG_WARN_STRICT_PROTOTYPES = YES;
				CLANG_WARN_SUSPICIOUS_MOVE = YES;
				CLANG_WARN_UNGUARDED_AVAILABILITY = YES_AGGRESSIVE;
				CLANG_WARN_UNREACHABLE_CODE = YES;
				CLANG_WARN__DUPLICATE_METHOD_MATCH = YES;
				COPY_PHASE_STRIP = NO;
				DEBUG_INFORMATION_FORMAT = dwarf;
				ENABLE_STRICT_OBJC_MSGSEND = YES;
				ENABLE_TESTABILITY = YES;
				GCC_C_LANGUAGE_STANDARD = gnu11;
				GCC_DYNAMIC_NO_PIC = NO;
				GCC_NO_COMMON_BLOCKS = YES;
				GCC_OPTIMIZATION_LEVEL = 0;
				GCC_PREPROCESSOR_DEFINITIONS = (
					"DEBUG=1",
					"$(inherited)",
				);
				GCC_WARN_64_TO_32_BIT_CONVERSION = YES;
				GCC_WARN_ABOUT_RETURN_TYPE = YES_ERROR;
				GCC_WARN_UNDECLARED_SELECTOR = YES;
				GCC_WARN_UNINITIALIZED_AUTOS = YES_AGGRESSIVE;
				GCC_WARN_UNUSED_FUNCTION = YES;
				GCC_WARN_UNUSED_VARIABLE = YES;
				IPHONEOS_DEPLOYMENT_TARGET = 13.2;
				MTL_ENABLE_DEBUG_INFO = INCLUDE_SOURCE;
				MTL_FAST_MATH = YES;
				ONLY_ACTIVE_ARCH = YES;
				SDKROOT = iphoneos;
				SWIFT_ACTIVE_COMPILATION_CONDITIONS = DEBUG;
				SWIFT_OPTIMIZATION_LEVEL = "-Onone";
			};
			name = Debug;
		};
		5BA587D123CBF07200128F6A /* Release */ = {
			isa = XCBuildConfiguration;
			buildSettings = {
				ALWAYS_SEARCH_USER_PATHS = NO;
				CLANG_ANALYZER_NONNULL = YES;
				CLANG_ANALYZER_NUMBER_OBJECT_CONVERSION = YES_AGGRESSIVE;
				CLANG_CXX_LANGUAGE_STANDARD = "gnu++14";
				CLANG_CXX_LIBRARY = "libc++";
				CLANG_ENABLE_MODULES = YES;
				CLANG_ENABLE_OBJC_ARC = YES;
				CLANG_ENABLE_OBJC_WEAK = YES;
				CLANG_WARN_BLOCK_CAPTURE_AUTORELEASING = YES;
				CLANG_WARN_BOOL_CONVERSION = YES;
				CLANG_WARN_COMMA = YES;
				CLANG_WARN_CONSTANT_CONVERSION = YES;
				CLANG_WARN_DEPRECATED_OBJC_IMPLEMENTATIONS = YES;
				CLANG_WARN_DIRECT_OBJC_ISA_USAGE = YES_ERROR;
				CLANG_WARN_DOCUMENTATION_COMMENTS = YES;
				CLANG_WARN_EMPTY_BODY = YES;
				CLANG_WARN_ENUM_CONVERSION = YES;
				CLANG_WARN_INFINITE_RECURSION = YES;
				CLANG_WARN_INT_CONVERSION = YES;
				CLANG_WARN_NON_LITERAL_NULL_CONVERSION = YES;
				CLANG_WARN_OBJC_IMPLICIT_RETAIN_SELF = YES;
				CLANG_WARN_OBJC_LITERAL_CONVERSION = YES;
				CLANG_WARN_OBJC_ROOT_CLASS = YES_ERROR;
				CLANG_WARN_RANGE_LOOP_ANALYSIS = YES;
				CLANG_WARN_STRICT_PROTOTYPES = YES;
				CLANG_WARN_SUSPICIOUS_MOVE = YES;
				CLANG_WARN_UNGUARDED_AVAILABILITY = YES_AGGRESSIVE;
				CLANG_WARN_UNREACHABLE_CODE = YES;
				CLANG_WARN__DUPLICATE_METHOD_MATCH = YES;
				COPY_PHASE_STRIP = NO;
				DEBUG_INFORMATION_FORMAT = "dwarf-with-dsym";
				ENABLE_NS_ASSERTIONS = NO;
				ENABLE_STRICT_OBJC_MSGSEND = YES;
				GCC_C_LANGUAGE_STANDARD = gnu11;
				GCC_NO_COMMON_BLOCKS = YES;
				GCC_WARN_64_TO_32_BIT_CONVERSION = YES;
				GCC_WARN_ABOUT_RETURN_TYPE = YES_ERROR;
				GCC_WARN_UNDECLARED_SELECTOR = YES;
				GCC_WARN_UNINITIALIZED_AUTOS = YES_AGGRESSIVE;
				GCC_WARN_UNUSED_FUNCTION = YES;
				GCC_WARN_UNUSED_VARIABLE = YES;
				IPHONEOS_DEPLOYMENT_TARGET = 13.2;
				MTL_ENABLE_DEBUG_INFO = NO;
				MTL_FAST_MATH = YES;
				SDKROOT = iphoneos;
				SWIFT_COMPILATION_MODE = wholemodule;
				SWIFT_OPTIMIZATION_LEVEL = "-O";
				VALIDATE_PRODUCT = YES;
			};
			name = Release;
		};
		5BA587D323CBF07200128F6A /* Debug */ = {
			isa = XCBuildConfiguration;
			buildSettings = {
				ASSETCATALOG_COMPILER_APPICON_NAME = AppIcon;
				CODE_SIGN_STYLE = Automatic;
				DEVELOPMENT_TEAM = VGW2M4R8BY;
				INFOPLIST_FILE = GitHubFollowers/Support/Info.plist;
				IPHONEOS_DEPLOYMENT_TARGET = 13.0;
				LD_RUNPATH_SEARCH_PATHS = (
					"$(inherited)",
					"@executable_path/Frameworks",
				);
				PRODUCT_BUNDLE_IDENTIFIER = com.alekseykabishau.GitHubFollowers;
				PRODUCT_NAME = "$(TARGET_NAME)";
				SWIFT_VERSION = 5.0;
				TARGETED_DEVICE_FAMILY = 1;
			};
			name = Debug;
		};
		5BA587D423CBF07200128F6A /* Release */ = {
			isa = XCBuildConfiguration;
			buildSettings = {
				ASSETCATALOG_COMPILER_APPICON_NAME = AppIcon;
				CODE_SIGN_STYLE = Automatic;
				DEVELOPMENT_TEAM = VGW2M4R8BY;
				INFOPLIST_FILE = GitHubFollowers/Support/Info.plist;
				IPHONEOS_DEPLOYMENT_TARGET = 13.0;
				LD_RUNPATH_SEARCH_PATHS = (
					"$(inherited)",
					"@executable_path/Frameworks",
				);
				PRODUCT_BUNDLE_IDENTIFIER = com.alekseykabishau.GitHubFollowers;
				PRODUCT_NAME = "$(TARGET_NAME)";
				SWIFT_VERSION = 5.0;
				TARGETED_DEVICE_FAMILY = 1;
			};
			name = Release;
		};
/* End XCBuildConfiguration section */

/* Begin XCConfigurationList section */
		5BA587B923CBF06C00128F6A /* Build configuration list for PBXProject "GitHubFollowers" */ = {
			isa = XCConfigurationList;
			buildConfigurations = (
				5BA587D023CBF07200128F6A /* Debug */,
				5BA587D123CBF07200128F6A /* Release */,
			);
			defaultConfigurationIsVisible = 0;
			defaultConfigurationName = Release;
		};
		5BA587D223CBF07200128F6A /* Build configuration list for PBXNativeTarget "GitHubFollowers" */ = {
			isa = XCConfigurationList;
			buildConfigurations = (
				5BA587D323CBF07200128F6A /* Debug */,
				5BA587D423CBF07200128F6A /* Release */,
			);
			defaultConfigurationIsVisible = 0;
			defaultConfigurationName = Release;
		};
/* End XCConfigurationList section */
	};
	rootObject = 5BA587B623CBF06C00128F6A /* Project object */;
}
